version = 1
revision = 3
requires-python = ">=3.8"

[[package]]
name = "celebi"
version = "0.1.0"
source = { editable = "." }
dependencies = [
    { name = "fake-bpy-module-latest" },
]

[package.metadata]
requires-dist = [{ name = "fake-bpy-module-latest", specifier = ">=20250630" }]

[[package]]
name = "fake-bpy-module-latest"
version = "20250922"
source = { registry = "https://pypi.org/simple" }
sdist = { url = "https://files.pythonhosted.org/packages/a9/80/70a3acdbc3a57702bca0e2647d3fee63262d96c2182366b046f9e5dfca21/fake_bpy_module_latest-20250922.tar.gz", hash = "sha256:a7ea3529e49ff0b98efab0b78aee8bb5b69fa8c0cd119336ba74ece0502e529c", size = 967002, upload-time = "2025-09-22T06:21:15.568Z" }
wheels = [
    { url = "https://files.pythonhosted.org/packages/9b/6e/2dde6059fad0a359ec86751ce44bbf5a1249abe0455014c78ac6a39de1de/fake_bpy_module_latest-20250922-py3-none-any.whl", hash = "sha256:ec4ee6e94ddfa73b5fc2c74170a14b8f433987a4ed4d3a051f0739a8110ce158", size = 1095471, upload-time = "2025-09-22T06:21:12.191Z" },
]
